
Microsoft Visual Studio Solution File, Format Version 12.00
Project("{FAE04EC0-301F-11D3-BF4B-00C04F79EFBC}") = "MarsRoverKata", "MarsRoverKata\MarsRoverKata.csproj", "{829EDE53-61FD-49CC-813C-0DDCCF4637AF}"
EndProject
Project("{FAE04EC0-301F-11D3-BF4B-00C04F79EFBC}") = "MarsRover.Tests", "MarsRover.Tests\MarsRover.Tests.csproj", "{4A9441AD-2B3A-49F2-8D5B-51647E07DBEA}"
EndProject
Global
	GlobalSection(SolutionConfigurationPlatforms) = preSolution
		Debug|Any CPU = Debug|Any CPU
		Release|Any CPU = Release|Any CPU
	EndGlobalSection
	GlobalSection(ProjectConfigurationPlatforms) = postSolution
		{829EDE53-61FD-49CC-813C-0DDCCF4637AF}.Debug|Any CPU.ActiveCfg = Debug|Any CPU
		{829EDE53-61FD-49CC-813C-0DDCCF4637AF}.Debug|Any CPU.Build.0 = Debug|Any CPU
		{829EDE53-61FD-49CC-813C-0DDCCF4637AF}.Release|Any CPU.ActiveCfg = Release|Any CPU
		{829EDE53-61FD-49CC-813C-0DDCCF4637AF}.Release|Any CPU.Build.0 = Release|Any CPU
		{4A9441AD-2B3A-49F2-8D5B-51647E07DBEA}.Debug|Any CPU.ActiveCfg = Debug|Any CPU
		{4A9441AD-2B3A-49F2-8D5B-51647E07DBEA}.Debug|Any CPU.Build.0 = Debug|Any CPU
		{4A9441AD-2B3A-49F2-8D5B-51647E07DBEA}.Release|Any CPU.ActiveCfg = Release|Any CPU
		{4A9441AD-2B3A-49F2-8D5B-51647E07DBEA}.Release|Any CPU.Build.0 = Release|Any CPU
	EndGlobalSection
EndGlobal

		{4A9441AD-2B3A-49F2-8D5B-51647E07DBEA}.Debug|Any CPU.Build.0 = Debug|Any CPU
		{4A9441AD-2B3A-49F2-8D5B-51647E07DBEA}.Release|Any CPU.ActiveCfg = Release|Any CPU
		{4A9441AD-2B3A-49F2-8D5B-51647E07DBEA}.Release|Any CPU.Build.0 = Release|Any CPU
	EndGlobalSection
EndGlobal
